// !$*UTF8*$!
{
	archiveVersion = 1;
	classes = {
	};
	objectVersion = 50;
	objects = {

/* Begin PBXBuildFile section */
		109555B034A40758798EDEB9 /* Pods_WhatPlant.framework in Frameworks */ = {isa = PBXBuildFile; fileRef = 93ED7323616710D24DB59E95 /* Pods_WhatPlant.framework */; };
		AC746F0A217071A8001B2B8F /* AppDelegate.swift in Sources */ = {isa = PBXBuildFile; fileRef = AC746F09217071A8001B2B8F /* AppDelegate.swift */; };
		AC746F0C217071A8001B2B8F /* ViewController.swift in Sources */ = {isa = PBXBuildFile; fileRef = AC746F0B217071A8001B2B8F /* ViewController.swift */; };
		AC746F0F217071A8001B2B8F /* Main.storyboard in Resources */ = {isa = PBXBuildFile; fileRef = AC746F0D217071A8001B2B8F /* Main.storyboard */; };
		AC746F11217071A9001B2B8F /* Assets.xcassets in Resources */ = {isa = PBXBuildFile; fileRef = AC746F10217071A9001B2B8F /* Assets.xcassets */; };
		AC746F14217071A9001B2B8F /* LaunchScreen.storyboard in Resources */ = {isa = PBXBuildFile; fileRef = AC746F12217071A9001B2B8F /* LaunchScreen.storyboard */; };
		AC746F1C21707293001B2B8F /* PlantsImageClassifier.mlmodel in Sources */ = {isa = PBXBuildFile; fileRef = AC746F1B21707293001B2B8F /* PlantsImageClassifier.mlmodel */; };
/* End PBXBuildFile section */

/* Begin PBXFileReference section */
		506375B5FFFBFAFFDE1314A1 /* Pods-WhatPlant.debug.xcconfig */ = {isa = PBXFileReference; includeInIndex = 1; lastKnownFileType = text.xcconfig; name = "Pods-WhatPlant.debug.xcconfig"; path = "Pods/Target Support Files/Pods-WhatPlant/Pods-WhatPlant.debug.xcconfig"; sourceTree = "<group>"; };
		93ED7323616710D24DB59E95 /* Pods_WhatPlant.framework */ = {isa = PBXFileReference; explicitFileType = wrapper.framework; includeInIndex = 0; path = Pods_WhatPlant.framework; sourceTree = BUILT_PRODUCTS_DIR; };
		AC746F06217071A8001B2B8F /* WhatPlant.app */ = {isa = PBXFileReference; explicitFileType = wrapper.application; includeInIndex = 0; path = WhatPlant.app; sourceTree = BUILT_PRODUCTS_DIR; };
		AC746F09217071A8001B2B8F /* AppDelegate.swift */ = {isa = PBXFileReference; lastKnownFileType = sourcecode.swift; path = AppDelegate.swift; sourceTree = "<group>"; };
		AC746F0B217071A8001B2B8F /* ViewController.swift */ = {isa = PBXFileReference; lastKnownFileType = sourcecode.swift; path = ViewController.swift; sourceTree = "<group>"; };
		AC746F0E217071A8001B2B8F /* Base */ = {isa = PBXFileReference; lastKnownFileType = file.storyboard; name = Base; path = Base.lproj/Main.storyboard; sourceTree = "<group>"; };
		AC746F10217071A9001B2B8F /* Assets.xcassets */ = {isa = PBXFileReference; lastKnownFileType = folder.assetcatalog; path = Assets.xcassets; sourceTree = "<group>"; };
		AC746F13217071A9001B2B8F /* Base */ = {isa = PBXFileReference; lastKnownFileType = file.storyboard; name = Base; path = Base.lproj/LaunchScreen.storyboard; sourceTree = "<group>"; };
		AC746F15217071A9001B2B8F /* Info.plist */ = {isa = PBXFileReference; lastKnownFileType = text.plist.xml; path = Info.plist; sourceTree = "<group>"; };
		AC746F1B21707293001B2B8F /* PlantsImageClassifier.mlmodel */ = {isa = PBXFileReference; lastKnownFileType = file.mlmodel; path = PlantsImageClassifier.mlmodel; sourceTree = "<group>"; };
		EDE91D7F7ACDB9B5DC4FC70E /* Pods-WhatPlant.release.xcconfig */ = {isa = PBXFileReference; includeInIndex = 1; lastKnownFileType = text.xcconfig; name = "Pods-WhatPlant.release.xcconfig"; path = "Pods/Target Support Files/Pods-WhatPlant/Pods-WhatPlant.release.xcconfig"; sourceTree = "<group>"; };
/* End PBXFileReference section */

/* Begin PBXFrameworksBuildPhase section */
		AC746F03217071A8001B2B8F /* Frameworks */ = {
			isa = PBXFrameworksBuildPhase;
			buildActionMask = 2147483647;
			files = (
				109555B034A40758798EDEB9 /* Pods_WhatPlant.framework in Frameworks */,
			);
			runOnlyForDeploymentPostprocessing = 0;
		};
/* End PBXFrameworksBuildPhase section */

/* Begin PBXGroup section */
		1429C8B381F1091C0207BAEA /* Pods */ = {
			isa = PBXGroup;
			children = (
				506375B5FFFBFAFFDE1314A1 /* Pods-WhatPlant.debug.xcconfig */,
				EDE91D7F7ACDB9B5DC4FC70E /* Pods-WhatPlant.release.xcconfig */,
			);
			name = Pods;
			sourceTree = "<group>";
		};
		A608281CC16695682019383C /* Frameworks */ = {
			isa = PBXGroup;
			children = (
				93ED7323616710D24DB59E95 /* Pods_WhatPlant.framework */,
			);
			name = Frameworks;
			sourceTree = "<group>";
		};
		AC746EFD217071A8001B2B8F = {
			isa = PBXGroup;
			children = (
				AC746F08217071A8001B2B8F /* WhatPlant */,
				AC746F07217071A8001B2B8F /* Products */,
				1429C8B381F1091C0207BAEA /* Pods */,
				A608281CC16695682019383C /* Frameworks */,
			);
			sourceTree = "<group>";
		};
		AC746F07217071A8001B2B8F /* Products */ = {
			isa = PBXGroup;
			children = (
				AC746F06217071A8001B2B8F /* WhatPlant.app */,
			);
			name = Products;
			sourceTree = "<group>";
		};
		AC746F08217071A8001B2B8F /* WhatPlant */ = {
			isa = PBXGroup;
			children = (
				AC746F1B21707293001B2B8F /* PlantsImageClassifier.mlmodel */,
				AC746F09217071A8001B2B8F /* AppDelegate.swift */,
				AC746F0B217071A8001B2B8F /* ViewController.swift */,
				AC746F0D217071A8001B2B8F /* Main.storyboard */,
				AC746F10217071A9001B2B8F /* Assets.xcassets */,
				AC746F12217071A9001B2B8F /* LaunchScreen.storyboard */,
				AC746F15217071A9001B2B8F /* Info.plist */,
			);
			path = WhatPlant;
			sourceTree = "<group>";
		};
/* End PBXGroup section */

/* Begin PBXNativeTarget section */
		AC746F05217071A8001B2B8F /* WhatPlant */ = {
			isa = PBXNativeTarget;
			buildConfigurationList = AC746F18217071A9001B2B8F /* Build configuration list for PBXNativeTarget "WhatPlant" */;
			buildPhases = (
				1DA1EA6CC413806E262F6C13 /* [CP] Check Pods Manifest.lock */,
				AC746F02217071A8001B2B8F /* Sources */,
				AC746F03217071A8001B2B8F /* Frameworks */,
				AC746F04217071A8001B2B8F /* Resources */,
				1779B32159713B9C35BF36E9 /* [CP] Embed Pods Frameworks */,
			);
			buildRules = (
			);
			dependencies = (
			);
			name = WhatPlant;
			productName = WhatPlant;
			productReference = AC746F06217071A8001B2B8F /* WhatPlant.app */;
			productType = "com.apple.product-type.application";
		};
/* End PBXNativeTarget section */

/* Begin PBXProject section */
		AC746EFE217071A8001B2B8F /* Project object */ = {
			isa = PBXProject;
			attributes = {
				LastSwiftUpdateCheck = 1000;
				LastUpgradeCheck = 1000;
				ORGANIZATIONNAME = "Raja Jawahar";
				TargetAttributes = {
					AC746F05217071A8001B2B8F = {
						CreatedOnToolsVersion = 10.0;
					};
				};
			};
			buildConfigurationList = AC746F01217071A8001B2B8F /* Build configuration list for PBXProject "WhatPlant" */;
			compatibilityVersion = "Xcode 9.3";
			developmentRegion = en;
			hasScannedForEncodings = 0;
			knownRegions = (
				en,
				Base,
			);
			mainGroup = AC746EFD217071A8001B2B8F;
			productRefGroup = AC746F07217071A8001B2B8F /* Products */;
			projectDirPath = "";
			projectRoot = "";
			targets = (
				AC746F05217071A8001B2B8F /* WhatPlant */,
			);
		};
/* End PBXProject section */

/* Begin PBXResourcesBuildPhase section */
		AC746F04217071A8001B2B8F /* Resources */ = {
			isa = PBXResourcesBuildPhase;
			buildActionMask = 2147483647;
			files = (
				AC746F14217071A9001B2B8F /* LaunchScreen.storyboard in Resources */,
				AC746F11217071A9001B2B8F /* Assets.xcassets in Resources */,
				AC746F0F217071A8001B2B8F /* Main.storyboard in Resources */,
			);
			runOnlyForDeploymentPostprocessing = 0;
		};
/* End PBXResourcesBuildPhase section */

/* Begin PBXShellScriptBuildPhase section */
		1779B32159713B9C35BF36E9 /* [CP] Embed Pods Frameworks */ = {
			isa = PBXShellScriptBuildPhase;
			buildActionMask = 2147483647;
			files = (
			);
			inputFileListPaths = (
			);
			inputPaths = (
				"${SRCROOT}/Pods/Target Support Files/Pods-WhatPlant/Pods-WhatPlant-frameworks.sh",
				"${BUILT_PRODUCTS_DIR}/Alamofire/Alamofire.framework",
			);
			name = "[CP] Embed Pods Frameworks";
			outputFileListPaths = (
			);
			outputPaths = (
				"${TARGET_BUILD_DIR}/${FRAMEWORKS_FOLDER_PATH}/Alamofire.framework",
			);
			runOnlyForDeploymentPostprocessing = 0;
			shellPath = /bin/sh;
			shellScript = "\"${SRCROOT}/Pods/Target Support Files/Pods-WhatPlant/Pods-WhatPlant-frameworks.sh\"\n";
			showEnvVarsInLog = 0;
		};
		1DA1EA6CC413806E262F6C13 /* [CP] Check Pods Manifest.lock */ = {
			isa = PBXShellScriptBuildPhase;
			buildActionMask = 2147483647;
			files = (
			);
			inputFileListPaths = (
			);
			inputPaths = (
				"${PODS_PODFILE_DIR_PATH}/Podfile.lock",
				"${PODS_ROOT}/Manifest.lock",
			);
			name = "[CP] Check Pods Manifest.lock";
			outputFileListPaths = (
			);
			outputPaths = (
				"$(DERIVED_FILE_DIR)/Pods-WhatPlant-checkManifestLockResult.txt",
			);
			runOnlyForDeploymentPostprocessing = 0;
			shellPath = /bin/sh;
			shellScript = "diff \"${PODS_PODFILE_DIR_PATH}/Podfile.lock\" \"${PODS_ROOT}/Manifest.lock\" > /dev/null\nif [ $? != 0 ] ; then\n    # print error to STDERR\n    echo \"error: The sandbox is not in sync with the Podfile.lock. Run 'pod install' or update your CocoaPods installation.\" >&2\n    exit 1\nfi\n# This output is used by Xcode 'outputs' to avoid re-running this script phase.\necho \"SUCCESS\" > \"${SCRIPT_OUTPUT_FILE_0}\"\n";
			showEnvVarsInLog = 0;
		};
/* End PBXShellScriptBuildPhase section */

/* Begin PBXSourcesBuildPhase section */
		AC746F02217071A8001B2B8F /* Sources */ = {
			isa = PBXSourcesBuildPhase;
			buildActionMask = 2147483647;
			files = (
				AC746F0C217071A8001B2B8F /* ViewController.swift in Sources */,
				AC746F1C21707293001B2B8F /* PlantsImageClassifier.mlmodel in Sources */,
				AC746F0A217071A8001B2B8F /* AppDelegate.swift in Sources */,
			);
			runOnlyForDeploymentPostprocessing = 0;
		};
/* End PBXSourcesBuildPhase section */

/* Begin PBXVariantGroup section */
		AC746F0D217071A8001B2B8F /* Main.storyboard */ = {
			isa = PBXVariantGroup;
			children = (
				AC746F0E217071A8001B2B8F /* Base */,
			);
			name = Main.storyboard;
			sourceTree = "<group>";
		};
		AC746F12217071A9001B2B8F /* LaunchScreen.storyboard */ = {
			isa = PBXVariantGroup;
			children = (
				AC746F13217071A9001B2B8F /* Base */,
			);
			name = LaunchScreen.storyboard;
			sourceTree = "<group>";
		};
/* End PBXVariantGroup section */

/* Begin XCBuildConfiguration section */
		AC746F16217071A9001B2B8F /* Debug */ = {
			isa = XCBuildConfiguration;
			buildSettings = {
				ALWAYS_SEARCH_USER_PATHS = NO;
				CLANG_ANALYZER_NONNULL = YES;
				CLANG_ANALYZER_NUMBER_OBJECT_CONVERSION = YES_AGGRESSIVE;
				CLANG_CXX_LANGUAGE_STANDARD = "gnu++14";
				CLANG_CXX_LIBRARY = "libc++";
				CLANG_ENABLE_MODULES = YES;
				CLANG_ENABLE_OBJC_ARC = YES;
				CLANG_ENABLE_OBJC_WEAK = YES;
				CLANG_WARN_BLOCK_CAPTURE_AUTORELEASING = YES;
				CLANG_WARN_BOOL_CONVERSION = YES;
				CLANG_WARN_COMMA = YES;
				CLANG_WARN_CONSTANT_CONVERSION = YES;
				CLANG_WARN_DEPRECATED_OBJC_IMPLEMENTATIONS = YES;
				CLANG_WARN_DIRECT_OBJC_ISA_USAGE = YES_ERROR;
				CLANG_WARN_DOCUMENTATION_COMMENTS = YES;
				CLANG_WARN_EMPTY_BODY = YES;
				CLANG_WARN_ENUM_CONVERSION = YES;
				CLANG_WARN_INFINITE_RECURSION = YES;
				CLANG_WARN_INT_CONVERSION = YES;
				CLANG_WARN_NON_LITERAL_NULL_CONVERSION = YES;
				CLANG_WARN_OBJC_IMPLICIT_RETAIN_SELF = YES;
				CLANG_WARN_OBJC_LITERAL_CONVERSION = YES;
				CLANG_WARN_OBJC_ROOT_CLASS = YES_ERROR;
				CLANG_WARN_RANGE_LOOP_ANALYSIS = YES;
				CLANG_WARN_STRICT_PROTOTYPES = YES;
				CLANG_WARN_SUSPICIOUS_MOVE = YES;
				CLANG_WARN_UNGUARDED_AVAILABILITY = YES_AGGRESSIVE;
				CLANG_WARN_UNREACHABLE_CODE = YES;
				CLANG_WARN__DUPLICATE_METHOD_MATCH = YES;
				CODE_SIGN_IDENTITY = "iPhone Developer";
				COPY_PHASE_STRIP = NO;
				DEBUG_INFORMATION_FORMAT = dwarf;
				ENABLE_STRICT_OBJC_MSGSEND = YES;
				ENABLE_TESTABILITY = YES;
				GCC_C_LANGUAGE_STANDARD = gnu11;
				GCC_DYNAMIC_NO_PIC = NO;
				GCC_NO_COMMON_BLOCKS = YES;
				GCC_OPTIMIZATION_LEVEL = 0;
				GCC_PREPROCESSOR_DEFINITIONS = (
					"DEBUG=1",
					"$(inherited)",
				);
				GCC_WARN_64_TO_32_BIT_CONVERSION = YES;
				GCC_WARN_ABOUT_RETURN_TYPE = YES_ERROR;
				GCC_WARN_UNDECLARED_SELECTOR = YES;
				GCC_WARN_UNINITIALIZED_AUTOS = YES_AGGRESSIVE;
				GCC_WARN_UNUSED_FUNCTION = YES;
				GCC_WARN_UNUSED_VARIABLE = YES;
				IPHONEOS_DEPLOYMENT_TARGET = 12.0;
				MTL_ENABLE_DEBUG_INFO = INCLUDE_SOURCE;
				MTL_FAST_MATH = YES;
				ONLY_ACTIVE_ARCH = YES;
				SDKROOT = iphoneos;
				SWIFT_ACTIVE_COMPILATION_CONDITIONS = DEBUG;
				SWIFT_OPTIMIZATION_LEVEL = "-Onone";
			};
			name = Debug;
		};
		AC746F17217071A9001B2B8F /* Release */ = {
			isa = XCBuildConfiguration;
			buildSettings = {
				ALWAYS_SEARCH_USER_PATHS = NO;
				CLANG_ANALYZER_NONNULL = YES;
				CLANG_ANALYZER_NUMBER_OBJECT_CONVERSION = YES_AGGRESSIVE;
				CLANG_CXX_LANGUAGE_STANDARD = "gnu++14";
				CLANG_CXX_LIBRARY = "libc++";
				CLANG_ENABLE_MODULES = YES;
				CLANG_ENABLE_OBJC_ARC = YES;
				CLANG_ENABLE_OBJC_WEAK = YES;
				CLANG_WARN_BLOCK_CAPTURE_AUTORELEASING = YES;
				CLANG_WARN_BOOL_CONVERSION = YES;
				CLANG_WARN_COMMA = YES;
				CLANG_WARN_CONSTANT_CONVERSION = YES;
				CLANG_WARN_DEPRECATED_OBJC_IMPLEMENTATIONS = YES;
				CLANG_WARN_DIRECT_OBJC_ISA_USAGE = YES_ERROR;
				CLANG_WARN_DOCUMENTATION_COMMENTS = YES;
				CLANG_WARN_EMPTY_BODY = YES;
				CLANG_WARN_ENUM_CONVERSION = YES;
				CLANG_WARN_INFINITE_RECURSION = YES;
				CLANG_WARN_INT_CONVERSION = YES;
				CLANG_WARN_NON_LITERAL_NULL_CONVERSION = YES;
				CLANG_WARN_OBJC_IMPLICIT_RETAIN_SELF = YES;
				CLANG_WARN_OBJC_LITERAL_CONVERSION = YES;
				CLANG_WARN_OBJC_ROOT_CLASS = YES_ERROR;
				CLANG_WARN_RANGE_LOOP_ANALYSIS = YES;
				CLANG_WARN_STRICT_PROTOTYPES = YES;
				CLANG_WARN_SUSPICIOUS_MOVE = YES;
				CLANG_WARN_UNGUARDED_AVAILABILITY = YES_AGGRESSIVE;
				CLANG_WARN_UNREACHABLE_CODE = YES;
				CLANG_WARN__DUPLICATE_METHOD_MATCH = YES;
				CODE_SIGN_IDENTITY = "iPhone Developer";
				COPY_PHASE_STRIP = NO;
				DEBUG_INFORMATION_FORMAT = "dwarf-with-dsym";
				ENABLE_NS_ASSERTIONS = NO;
				ENABLE_STRICT_OBJC_MSGSEND = YES;
				GCC_C_LANGUAGE_STANDARD = gnu11;
				GCC_NO_COMMON_BLOCKS = YES;
				GCC_WARN_64_TO_32_BIT_CONVERSION = YES;
				GCC_WARN_ABOUT_RETURN_TYPE = YES_ERROR;
				GCC_WARN_UNDECLARED_SELECTOR = YES;
				GCC_WARN_UNINITIALIZED_AUTOS = YES_AGGRESSIVE;
				GCC_WARN_UNUSED_FUNCTION = YES;
				GCC_WARN_UNUSED_VARIABLE = YES;
				IPHONEOS_DEPLOYMENT_TARGET = 12.0;
				MTL_ENABLE_DEBUG_INFO = NO;
				MTL_FAST_MATH = YES;
				SDKROOT = iphoneos;
				SWIFT_COMPILATION_MODE = wholemodule;
				SWIFT_OPTIMIZATION_LEVEL = "-O";
				VALIDATE_PRODUCT = YES;
			};
			name = Release;
		};
		AC746F19217071A9001B2B8F /* Debug */ = {
			isa = XCBuildConfiguration;
			baseConfigurationReference = 506375B5FFFBFAFFDE1314A1 /* Pods-WhatPlant.debug.xcconfig */;
			buildSettings = {
				ASSETCATALOG_COMPILER_APPICON_NAME = AppIcon;
				CODE_SIGN_STYLE = Automatic;
				DEVELOPMENT_TEAM = 277RFNKK2M;
				INFOPLIST_FILE = WhatPlant/Info.plist;
				LD_RUNPATH_SEARCH_PATHS = (
					"$(inherited)",
					"@executable_path/Frameworks",
				);
				PRODUCT_BUNDLE_IDENTIFIER = com.silicontechnologies.WhatPlant;
				PRODUCT_NAME = "$(TARGET_NAME)";
				SWIFT_VERSION = 4.2;
				TARGETED_DEVICE_FAMILY = "1,2";
			};
			name = Debug;
		};
		AC746F1A217071A9001B2B8F /* Release */ = {
			isa = XCBuildConfiguration;
			baseConfigurationReference = EDE91D7F7ACDB9B5DC4FC70E /* Pods-WhatPlant.release.xcconfig */;
			buildSettings = {
				ASSETCATALOG_COMPILER_APPICON_NAME = AppIcon;
				CODE_SIGN_STYLE = Automatic;
				DEVELOPMENT_TEAM = 277RFNKK2M;
				INFOPLIST_FILE = WhatPlant/Info.plist;
				LD_RUNPATH_SEARCH_PATHS = (
					"$(inherited)",
					"@executable_path/Frameworks",
				);
				PRODUCT_BUNDLE_IDENTIFIER = com.silicontechnologies.WhatPlant;
				PRODUCT_NAME = "$(TARGET_NAME)";
				SWIFT_VERSION = 4.2;
				TARGETED_DEVICE_FAMILY = "1,2";
			};
			name = Release;
		};
/* End XCBuildConfiguration section */

/* Begin XCConfigurationList section */
		AC746F01217071A8001B2B8F /* Build configuration list for PBXProject "WhatPlant" */ = {
			isa = XCConfigurationList;
			buildConfigurations = (
				AC746F16217071A9001B2B8F /* Debug */,
				AC746F17217071A9001B2B8F /* Release */,
			);
			defaultConfigurationIsVisible = 0;
			defaultConfigurationName = Release;
		};
		AC746F18217071A9001B2B8F /* Build configuration list for PBXNativeTarget "WhatPlant" */ = {
			isa = XCConfigurationList;
			buildConfigurations = (
				AC746F19217071A9001B2B8F /* Debug */,
				AC746F1A217071A9001B2B8F /* Release */,
			);
			defaultConfigurationIsVisible = 0;
			defaultConfigurationName = Release;
		};
/* End XCConfigurationList section */
	};
	rootObject = AC746EFE217071A8001B2B8F /* Project object */;
}
